
Microsoft Visual Studio Solution File, Format Version 12.00
# Visual Studio Version 17
VisualStudioVersion = 17.6.33723.286
MinimumVisualStudioVersion = 10.0.40219.1
Project("{9A19103F-16F7-4668-BE54-9A1E7A4F7556}") = "DrogenTimer.Client", "Client\DrogenTimer.Client.csproj", "{018789F1-35C7-4038-8DE8-7BE7950A5B8B}"
EndProject
Project("{9A19103F-16F7-4668-BE54-9A1E7A4F7556}") = "DrogenTimer.Server", "Server\DrogenTimer.Server.csproj", "{1472D27B-9988-4CD8-8F6F-219EE457462F}"
EndProject
Project("{9A19103F-16F7-4668-BE54-9A1E7A4F7556}") = "DrogenTimer.Shared", "Shared\DrogenTimer.Shared.csproj", "{1F610702-E1A2-45A7-A394-C6BC4ACE525D}"
EndProject
Global
	GlobalSection(SolutionConfigurationPlatforms) = preSolution
		Debug|Any CPU = Debug|Any CPU
		Release|Any CPU = Release|Any CPU
	EndGlobalSection
	GlobalSection(ProjectConfigurationPlatforms) = postSolution
		{018789F1-35C7-4038-8DE8-7BE7950A5B8B}.Debug|Any CPU.ActiveCfg = Debug|Any CPU
		{018789F1-35C7-4038-8DE8-7BE7950A5B8B}.Debug|Any CPU.Build.0 = Debug|Any CPU
		{018789F1-35C7-4038-8DE8-7BE7950A5B8B}.Release|Any CPU.ActiveCfg = Release|Any CPU
		{018789F1-35C7-4038-8DE8-7BE7950A5B8B}.Release|Any CPU.Build.0 = Release|Any CPU
		{1472D27B-9988-4CD8-8F6F-219EE457462F}.Debug|Any CPU.ActiveCfg = Debug|Any CPU
		{1472D27B-9988-4CD8-8F6F-219EE457462F}.Debug|Any CPU.Build.0 = Debug|Any CPU
		{1472D27B-9988-4CD8-8F6F-219EE457462F}.Release|Any CPU.ActiveCfg = Release|Any CPU
		{1472D27B-9988-4CD8-8F6F-219EE457462F}.Release|Any CPU.Build.0 = Release|Any CPU
		{1F610702-E1A2-45A7-A394-C6BC4ACE525D}.Debug|Any CPU.ActiveCfg = Debug|Any CPU
		{1F610702-E1A2-45A7-A394-C6BC4ACE525D}.Debug|Any CPU.Build.0 = Debug|Any CPU
		{1F610702-E1A2-45A7-A394-C6BC4ACE525D}.Release|Any CPU.ActiveCfg = Release|Any CPU
		{1F610702-E1A2-45A7-A394-C6BC4ACE525D}.Release|Any CPU.Build.0 = Release|Any CPU
	EndGlobalSection
	GlobalSection(SolutionProperties) = preSolution
		HideSolutionNode = FALSE
	EndGlobalSection
	GlobalSection(ExtensibilityGlobals) = postSolution
		SolutionGuid = {5052B842-E3B6-41D1-BD30-B34E0FD99013}
	EndGlobalSection
EndGlobal
